
Microsoft Visual Studio Solution File, Format Version 12.00
# Visual Studio Version 16
VisualStudioVersion = 16.0.31829.152
MinimumVisualStudioVersion = 10.0.40219.1
Project("{FAE04EC0-301F-11D3-BF4B-00C04F79EFBC}") = "Задание 9.1", "Задание 9.1\Задание 9.1.csproj", "{EFE9CB9B-2634-4704-A51D-426FE5E6016A}"
EndProject
Global
	GlobalSection(SolutionConfigurationPlatforms) = preSolution
		Debug|Any CPU = Debug|Any CPU
		Release|Any CPU = Release|Any CPU
	EndGlobalSection
	GlobalSection(ProjectConfigurationPlatforms) = postSolution
		{EFE9CB9B-2634-4704-A51D-426FE5E6016A}.Debug|Any CPU.ActiveCfg = Debug|Any CPU
		{EFE9CB9B-2634-4704-A51D-426FE5E6016A}.Debug|Any CPU.Build.0 = Debug|Any CPU
		{EFE9CB9B-2634-4704-A51D-426FE5E6016A}.Release|Any CPU.ActiveCfg = Release|Any CPU
		{EFE9CB9B-2634-4704-A51D-426FE5E6016A}.Release|Any CPU.Build.0 = Release|Any CPU
	EndGlobalSection
	GlobalSection(SolutionProperties) = preSolution
		HideSolutionNode = FALSE
	EndGlobalSection
	GlobalSection(ExtensibilityGlobals) = postSolution
		SolutionGuid = {25DDBA25-3508-4C33-84E9-36D9FF4AE60F}
	EndGlobalSection
EndGlobal
